// !$*UTF8*$!
{
	archiveVersion = 1;
	classes = {
	};
	objectVersion = 56;
	objects = {

/* Begin PBXBuildFile section */
		FG0007 /* FocusGuardApp.swift in Sources */ = {isa = PBXBuildFile; fileRef = FG0002 /* FocusGuardApp.swift */; };
		FG0008 /* ContentView.swift in Sources */ = {isa = PBXBuildFile; fileRef = FG0003 /* ContentView.swift */; };
		FG0009 /* SessionManager.swift in Sources */ = {isa = PBXBuildFile; fileRef = FG0004 /* SessionManager.swift */; };
		FG0010 /* Assets.xcassets in Resources */ = {isa = PBXBuildFile; fileRef = FG0005 /* Assets.xcassets */; };
		FG0026 /* MenuBarManager.swift in Sources */ = {isa = PBXBuildFile; fileRef = FG0024 /* MenuBarManager.swift */; };
		FG0027 /* DistractionPopoverView.swift in Sources */ = {isa = PBXBuildFile; fileRef = FG0025 /* DistractionPopoverView.swift */; };
		FG0029 /* ActivityContext.swift in Sources */ = {isa = PBXBuildFile; fileRef = FG0028 /* ActivityContext.swift */; };
		FG0031 /* BrowserURLReader.swift in Sources */ = {isa = PBXBuildFile; fileRef = FG0030 /* BrowserURLReader.swift */; };
		FG0033 /* ClaudeClassifier.swift in Sources */ = {isa = PBXBuildFile; fileRef = FG0032 /* ClaudeClassifier.swift */; };
		FG0035 /* UsageTracker.swift in Sources */ = {isa = PBXBuildFile; fileRef = FG0034 /* UsageTracker.swift */; };
		FG0039 /* APIKeyStore.swift in Sources */ = {isa = PBXBuildFile; fileRef = FG0040 /* APIKeyStore.swift */; };
/* End PBXBuildFile section */

/* Begin PBXFileReference section */
		FG0002 /* FocusGuardApp.swift */ = {isa = PBXFileReference; lastKnownFileType = sourcecode.swift; path = FocusGuardApp.swift; sourceTree = "<group>"; };
		FG0003 /* ContentView.swift */ = {isa = PBXFileReference; lastKnownFileType = sourcecode.swift; path = ContentView.swift; sourceTree = "<group>"; };
		FG0004 /* SessionManager.swift */ = {isa = PBXFileReference; lastKnownFileType = sourcecode.swift; path = SessionManager.swift; sourceTree = "<group>"; };
		FG0005 /* Assets.xcassets */ = {isa = PBXFileReference; lastKnownFileType = folder.assetcatalog; path = Assets.xcassets; sourceTree = "<group>"; };
		FG0006 /* FocusGuard.app */ = {isa = PBXFileReference; explicitFileType = wrapper.application; includeInIndex = 0; path = FocusGuard.app; sourceTree = BUILT_PRODUCTS_DIR; };
		FG0023 /* FocusGuard.entitlements */ = {isa = PBXFileReference; lastKnownFileType = text.plist.entitlements; path = FocusGuard.entitlements; sourceTree = "<group>"; };
		FG0024 /* MenuBarManager.swift */ = {isa = PBXFileReference; lastKnownFileType = sourcecode.swift; path = MenuBarManager.swift; sourceTree = "<group>"; };
		FG0025 /* DistractionPopoverView.swift */ = {isa = PBXFileReference; lastKnownFileType = sourcecode.swift; path = DistractionPopoverView.swift; sourceTree = "<group>"; };
		FG0028 /* ActivityContext.swift */ = {isa = PBXFileReference; lastKnownFileType = sourcecode.swift; path = ActivityContext.swift; sourceTree = "<group>"; };
		FG0030 /* BrowserURLReader.swift */ = {isa = PBXFileReference; lastKnownFileType = sourcecode.swift; path = BrowserURLReader.swift; sourceTree = "<group>"; };
		FG0032 /* ClaudeClassifier.swift */ = {isa = PBXFileReference; lastKnownFileType = sourcecode.swift; path = ClaudeClassifier.swift; sourceTree = "<group>"; };
		FG0034 /* UsageTracker.swift */ = {isa = PBXFileReference; lastKnownFileType = sourcecode.swift; path = UsageTracker.swift; sourceTree = "<group>"; };
		FG0040 /* APIKeyStore.swift */ = {isa = PBXFileReference; lastKnownFileType = sourcecode.swift; path = APIKeyStore.swift; sourceTree = "<group>"; };
/* End PBXFileReference section */

/* Begin PBXGroup section */
		FG0011 /* MainGroup */ = {
			isa = PBXGroup;
			children = (
				FG0012 /* FocusGuard */,
				FG0013 /* Products */,
			);
			sourceTree = "<group>";
		};
		FG0012 /* FocusGuard */ = {
			isa = PBXGroup;
			children = (
				FG0002 /* FocusGuardApp.swift */,
				FG0003 /* ContentView.swift */,
				FG0004 /* SessionManager.swift */,
				FG0005 /* Assets.xcassets */,
				FG0023 /* FocusGuard.entitlements */,
				FG0024 /* MenuBarManager.swift */,
				FG0025 /* DistractionPopoverView.swift */,
				FG0028 /* ActivityContext.swift */,
				FG0030 /* BrowserURLReader.swift */,
				FG0032 /* ClaudeClassifier.swift */,
				FG0034 /* UsageTracker.swift */,
				FG0040 /* APIKeyStore.swift */,
			);
			path = FocusGuard;
			sourceTree = "<group>";
		};
		FG0013 /* Products */ = {
			isa = PBXGroup;
			children = (
				FG0006 /* FocusGuard.app */,
			);
			name = Products;
			sourceTree = "<group>";
		};
/* End PBXGroup section */

/* Begin PBXNativeTarget section */
		FG0016 /* FocusGuard */ = {
			isa = PBXNativeTarget;
			buildConfigurationList = FG0021 /* Build configuration list for PBXNativeTarget "FocusGuard" */;
			buildPhases = (
				FG0014 /* Sources */,
				FG0015 /* Resources */,
			);
			buildRules = (
			);
			dependencies = (
			);
			name = FocusGuard;
			productName = FocusGuard;
			productReference = FG0006 /* FocusGuard.app */;
			productType = "com.apple.product-type.application";
		};
/* End PBXNativeTarget section */

/* Begin PBXProject section */
		FG0001 /* Project object */ = {
			isa = PBXProject;
			attributes = {
				BuildIndependentTargetsInParallel = 1;
				LastSwiftUpdateCheck = 1500;
				LastUpgradeCheck = 1500;
				TargetAttributes = {
					FG0016 = {
						CreatedOnToolsVersion = 15.0;
					};
				};
			};
			buildConfigurationList = FG0022 /* Build configuration list for PBXProject "FocusGuard" */;
			compatibilityVersion = "Xcode 14.0";
			developmentRegion = en;
			hasScannedForEncodings = 0;
			knownRegions = (
				en,
				Base,
			);
			mainGroup = FG0011;
			productRefGroup = FG0013 /* Products */;
			projectDirPath = "";
			projectRoot = "";
			targets = (
				FG0016 /* FocusGuard */,
			);
		};
/* End PBXProject section */

/* Begin PBXResourcesBuildPhase section */
		FG0015 /* Resources */ = {
			isa = PBXResourcesBuildPhase;
			buildActionMask = 2147483647;
			files = (
				FG0010 /* Assets.xcassets in Resources */,
			);
			runOnlyForDeploymentPostprocessing = 0;
		};
/* End PBXResourcesBuildPhase section */

/* Begin PBXSourcesBuildPhase section */
		FG0014 /* Sources */ = {
			isa = PBXSourcesBuildPhase;
			buildActionMask = 2147483647;
			files = (
				FG0007 /* FocusGuardApp.swift in Sources */,
				FG0008 /* ContentView.swift in Sources */,
				FG0009 /* SessionManager.swift in Sources */,
				FG0026 /* MenuBarManager.swift in Sources */,
				FG0027 /* DistractionPopoverView.swift in Sources */,
				FG0029 /* ActivityContext.swift in Sources */,
				FG0031 /* BrowserURLReader.swift in Sources */,
				FG0033 /* ClaudeClassifier.swift in Sources */,
				FG0035 /* UsageTracker.swift in Sources */,
				FG0039 /* APIKeyStore.swift in Sources */,
			);
			runOnlyForDeploymentPostprocessing = 0;
		};
/* End PBXSourcesBuildPhase section */

/* Begin XCBuildConfiguration section */
		FG0017 /* Debug */ = {
			isa = XCBuildConfiguration;
			buildSettings = {
				ASSETCATALOG_COMPILER_APPICON_NAME = AppIcon;
				CODE_SIGN_ENTITLEMENTS = FocusGuard/FocusGuard.entitlements;
				CODE_SIGN_STYLE = Automatic;
				COMBINE_HIDPI_IMAGES = YES;
				CURRENT_PROJECT_VERSION = 1;
				GENERATE_INFOPLIST_FILE = YES;
				INFOPLIST_KEY_NSHumanReadableDescription = "Stay focused on what matters.";
				INFOPLIST_KEY_NSPrincipalClass = NSApplication;
				LD_RUNPATH_SEARCH_PATHS = (
					"$(inherited)",
					"@executable_path/../Frameworks",
				);
				MACOSX_DEPLOYMENT_TARGET = 13.0;
				MARKETING_VERSION = 1.0;
				PRODUCT_BUNDLE_IDENTIFIER = com.focusguard.app;
				PRODUCT_NAME = "$(TARGET_NAME)";
				SDKROOT = macosx;
				SWIFT_EMIT_LOC_STRINGS = YES;
				SWIFT_VERSION = 5.0;
			};
			name = Debug;
		};
		FG0018 /* Release */ = {
			isa = XCBuildConfiguration;
			buildSettings = {
				ASSETCATALOG_COMPILER_APPICON_NAME = AppIcon;
				CODE_SIGN_ENTITLEMENTS = FocusGuard/FocusGuard.entitlements;
				CODE_SIGN_STYLE = Automatic;
				COMBINE_HIDPI_IMAGES = YES;
				CURRENT_PROJECT_VERSION = 1;
				GENERATE_INFOPLIST_FILE = YES;
				INFOPLIST_KEY_NSHumanReadableDescription = "Stay focused on what matters.";
				INFOPLIST_KEY_NSPrincipalClass = NSApplication;
				LD_RUNPATH_SEARCH_PATHS = (
					"$(inherited)",
					"@executable_path/../Frameworks",
				);
				MACOSX_DEPLOYMENT_TARGET = 13.0;
				MARKETING_VERSION = 1.0;
				PRODUCT_BUNDLE_IDENTIFIER = com.focusguard.app;
				PRODUCT_NAME = "$(TARGET_NAME)";
				SDKROOT = macosx;
				SWIFT_EMIT_LOC_STRINGS = YES;
				SWIFT_VERSION = 5.0;
			};
			name = Release;
		};
		FG0019 /* Debug */ = {
			isa = XCBuildConfiguration;
			buildSettings = {
				ALWAYS_SEARCH_USER_PATHS = NO;
				CLANG_ANALYZER_NONNULL = YES;
				CLANG_ANALYZER_NUMBER_OBJECT_CONVERSION = YES_AGGRESSIVE;
				CLANG_CXX_LANGUAGE_STANDARD = "gnu++20";
				CLANG_ENABLE_MODULES = YES;
				CLANG_ENABLE_OBJC_ARC = YES;
				CLANG_ENABLE_OBJC_WEAK = YES;
				CLANG_WARN_BLOCK_CAPTURE_AUTORELEASING = YES;
				CLANG_WARN_BOOL_CONVERSION = YES;
				CLANG_WARN_COMMA = YES;
				CLANG_WARN_CONSTANT_CONVERSION = YES;
				CLANG_WARN_DEPRECATED_OBJC_IMPLEMENTATIONS = YES;
				CLANG_WARN_DIRECT_OBJC_ISA_USAGE = YES_ERROR;
				CLANG_WARN_DOCUMENTATION_COMMENTS = YES;
				CLANG_WARN_EMPTY_BODY = YES;
				CLANG_WARN_ENUM_CONVERSION = YES;
				CLANG_WARN_INFINITE_RECURSION = YES;
				CLANG_WARN_INT_CONVERSION = YES;
				CLANG_WARN_NON_LITERAL_NULL_CONVERSION = YES;
				CLANG_WARN_OBJC_IMPLICIT_RETAIN_SELF = YES;
				CLANG_WARN_OBJC_LITERAL_CONVERSION = YES;
				CLANG_WARN_OBJC_ROOT_CLASS = YES_ERROR;
				CLANG_WARN_RANGE_LOOP_ANALYSIS = YES;
				CLANG_WARN_STRICT_PROTOTYPES = YES;
				CLANG_WARN_SUSPICIOUS_MOVE = YES;
				CLANG_WARN_UNGUARDED_AVAILABILITY = YES_AGGRESSIVE;
				CLANG_WARN_UNREACHABLE_CODE = YES;
				CLANG_WARN__DUPLICATE_METHOD_MATCH = YES;
				COPY_PHASE_STRIP = NO;
				DEBUG_INFORMATION_FORMAT = dwarf;
				ENABLE_STRICT_OBJC_MSGSEND = YES;
				ENABLE_TESTABILITY = YES;
				GCC_C_LANGUAGE_STANDARD = gnu17;
				GCC_DYNAMIC_NO_PIC = NO;
				GCC_NO_COMMON_BLOCKS = YES;
				GCC_OPTIMIZATION_LEVEL = 0;
				GCC_PREPROCESSOR_DEFINITIONS = (
					"DEBUG=1",
					"$(inherited)",
				);
				GCC_WARN_64_TO_32_BIT_CONVERSION = YES;
				GCC_WARN_ABOUT_RETURN_TYPE = YES_ERROR;
				GCC_WARN_UNDECLARED_SELECTOR = YES;
				GCC_WARN_UNINITIALIZED_AUTOS = YES_AGGRESSIVE;
				GCC_WARN_UNUSED_FUNCTION = YES;
				GCC_WARN_UNUSED_VARIABLE = YES;
				MTL_ENABLE_DEBUG_INFO = INCLUDE_SOURCE;
				MTL_FAST_MATH = YES;
				ONLY_ACTIVE_ARCH = YES;
				SWIFT_ACTIVE_COMPILATION_CONDITIONS = DEBUG;
				SWIFT_OPTIMIZATION_LEVEL = "-Onone";
			};
			name = Debug;
		};
		FG0020 /* Release */ = {
			isa = XCBuildConfiguration;
			buildSettings = {
				ALWAYS_SEARCH_USER_PATHS = NO;
				CLANG_ANALYZER_NONNULL = YES;
				CLANG_ANALYZER_NUMBER_OBJECT_CONVERSION = YES_AGGRESSIVE;
				CLANG_CXX_LANGUAGE_STANDARD = "gnu++20";
				CLANG_ENABLE_MODULES = YES;
				CLANG_ENABLE_OBJC_ARC = YES;
				CLANG_ENABLE_OBJC_WEAK = YES;
				CLANG_WARN_BLOCK_CAPTURE_AUTORELEASING = YES;
				CLANG_WARN_BOOL_CONVERSION = YES;
				CLANG_WARN_COMMA = YES;
				CLANG_WARN_CONSTANT_CONVERSION = YES;
				CLANG_WARN_DEPRECATED_OBJC_IMPLEMENTATIONS = YES;
				CLANG_WARN_DIRECT_OBJC_ISA_USAGE = YES_ERROR;
				CLANG_WARN_DOCUMENTATION_COMMENTS = YES;
				CLANG_WARN_EMPTY_BODY = YES;
				CLANG_WARN_ENUM_CONVERSION = YES;
				CLANG_WARN_INFINITE_RECURSION = YES;
				CLANG_WARN_INT_CONVERSION = YES;
				CLANG_WARN_NON_LITERAL_NULL_CONVERSION = YES;
				CLANG_WARN_OBJC_IMPLICIT_RETAIN_SELF = YES;
				CLANG_WARN_OBJC_LITERAL_CONVERSION = YES;
				CLANG_WARN_OBJC_ROOT_CLASS = YES_ERROR;
				CLANG_WARN_RANGE_LOOP_ANALYSIS = YES;
				CLANG_WARN_STRICT_PROTOTYPES = YES;
				CLANG_WARN_SUSPICIOUS_MOVE = YES;
				CLANG_WARN_UNGUARDED_AVAILABILITY = YES_AGGRESSIVE;
				CLANG_WARN_UNREACHABLE_CODE = YES;
				CLANG_WARN__DUPLICATE_METHOD_MATCH = YES;
				COPY_PHASE_STRIP = NO;
				DEBUG_INFORMATION_FORMAT = "dwarf-with-dsym";
				ENABLE_NS_ASSERTIONS = NO;
				ENABLE_STRICT_OBJC_MSGSEND = YES;
				GCC_C_LANGUAGE_STANDARD = gnu17;
				GCC_NO_COMMON_BLOCKS = YES;
				GCC_WARN_64_TO_32_BIT_CONVERSION = YES;
				GCC_WARN_ABOUT_RETURN_TYPE = YES_ERROR;
				GCC_WARN_UNDECLARED_SELECTOR = YES;
				GCC_WARN_UNINITIALIZED_AUTOS = YES_AGGRESSIVE;
				GCC_WARN_UNUSED_FUNCTION = YES;
				GCC_WARN_UNUSED_VARIABLE = YES;
				MTL_FAST_MATH = YES;
				SWIFT_COMPILATION_MODE = wholemodule;
				SWIFT_OPTIMIZATION_LEVEL = "-O";
			};
			name = Release;
		};
/* End XCBuildConfiguration section */

/* Begin XCConfigurationList section */
		FG0021 /* Build configuration list for PBXNativeTarget "FocusGuard" */ = {
			isa = XCConfigurationList;
			buildConfigurations = (
				FG0017 /* Debug */,
				FG0018 /* Release */,
			);
			defaultConfigurationIsVisible = 0;
			defaultConfigurationName = Release;
		};
		FG0022 /* Build configuration list for PBXProject "FocusGuard" */ = {
			isa = XCConfigurationList;
			buildConfigurations = (
				FG0019 /* Debug */,
				FG0020 /* Release */,
			);
			defaultConfigurationIsVisible = 0;
			defaultConfigurationName = Release;
		};
/* End XCConfigurationList section */

	};
	rootObject = FG0001 /* Project object */;
}
